
Microsoft Visual Studio Solution File, Format Version 12.00
# Visual Studio Version 17
VisualStudioVersion = 17.9.34701.34
MinimumVisualStudioVersion = 10.0.40219.1
Project("{9A19103F-16F7-4668-BE54-9A1E7A4F7556}") = "STO.Models", "STO.Models\STO.Models.csproj", "{1F782A5C-B3A2-4168-B8ED-8B383315E9AA}"
EndProject
Project("{9A19103F-16F7-4668-BE54-9A1E7A4F7556}") = "STO.Api", "STO.Api\STO.Api.csproj", "{B9A24974-AEFC-40E9-BAB6-B624DDE0C870}"
EndProject
Project("{9A19103F-16F7-4668-BE54-9A1E7A4F7556}") = "STO.Wasm", "STO.Wasm\STO.Wasm.csproj", "{9F20768B-9B71-4ED5-A46C-764D11C3C34D}"
EndProject
Project("{FAE04EC0-301F-11D3-BF4B-00C04F79EFBC}") = "STO.DataManager", "STO.DataManager\STO.DataManager.csproj", "{EC2C85C3-A54D-453B-9AE4-C9803C84AD0B}"
EndProject
Project("{FAE04EC0-301F-11D3-BF4B-00C04F79EFBC}") = "STO.Services", "STO.Services\STO.Services.csproj", "{3ECCC708-0629-499B-9B64-2BFB0F2A101B}"
EndProject
Project("{FAE04EC0-301F-11D3-BF4B-00C04F79EFBC}") = "STO.Tests", "STO.Tests\STO.Tests.csproj", "{77B0BC60-2325-415A-B655-BA4BAA0E5BD8}"
EndProject
Global
	GlobalSection(SolutionConfigurationPlatforms) = preSolution
		Debug|Any CPU = Debug|Any CPU
		Debug|x64 = Debug|x64
		Debug|x86 = Debug|x86
		Release|Any CPU = Release|Any CPU
		Release|x64 = Release|x64
		Release|x86 = Release|x86
	EndGlobalSection
	GlobalSection(ProjectConfigurationPlatforms) = postSolution
		{1F782A5C-B3A2-4168-B8ED-8B383315E9AA}.Debug|Any CPU.ActiveCfg = Debug|Any CPU
		{1F782A5C-B3A2-4168-B8ED-8B383315E9AA}.Debug|Any CPU.Build.0 = Debug|Any CPU
		{1F782A5C-B3A2-4168-B8ED-8B383315E9AA}.Debug|x64.ActiveCfg = Debug|Any CPU
		{1F782A5C-B3A2-4168-B8ED-8B383315E9AA}.Debug|x64.Build.0 = Debug|Any CPU
		{1F782A5C-B3A2-4168-B8ED-8B383315E9AA}.Debug|x86.ActiveCfg = Debug|Any CPU
		{1F782A5C-B3A2-4168-B8ED-8B383315E9AA}.Debug|x86.Build.0 = Debug|Any CPU
		{1F782A5C-B3A2-4168-B8ED-8B383315E9AA}.Release|Any CPU.ActiveCfg = Release|Any CPU
		{1F782A5C-B3A2-4168-B8ED-8B383315E9AA}.Release|Any CPU.Build.0 = Release|Any CPU
		{1F782A5C-B3A2-4168-B8ED-8B383315E9AA}.Release|x64.ActiveCfg = Release|Any CPU
		{1F782A5C-B3A2-4168-B8ED-8B383315E9AA}.Release|x64.Build.0 = Release|Any CPU
		{1F782A5C-B3A2-4168-B8ED-8B383315E9AA}.Release|x86.ActiveCfg = Release|Any CPU
		{1F782A5C-B3A2-4168-B8ED-8B383315E9AA}.Release|x86.Build.0 = Release|Any CPU
		{B9A24974-AEFC-40E9-BAB6-B624DDE0C870}.Debug|Any CPU.ActiveCfg = Debug|Any CPU
		{B9A24974-AEFC-40E9-BAB6-B624DDE0C870}.Debug|Any CPU.Build.0 = Debug|Any CPU
		{B9A24974-AEFC-40E9-BAB6-B624DDE0C870}.Debug|x64.ActiveCfg = Debug|Any CPU
		{B9A24974-AEFC-40E9-BAB6-B624DDE0C870}.Debug|x64.Build.0 = Debug|Any CPU
		{B9A24974-AEFC-40E9-BAB6-B624DDE0C870}.Debug|x86.ActiveCfg = Debug|Any CPU
		{B9A24974-AEFC-40E9-BAB6-B624DDE0C870}.Debug|x86.Build.0 = Debug|Any CPU
		{B9A24974-AEFC-40E9-BAB6-B624DDE0C870}.Release|Any CPU.ActiveCfg = Release|Any CPU
		{B9A24974-AEFC-40E9-BAB6-B624DDE0C870}.Release|Any CPU.Build.0 = Release|Any CPU
		{B9A24974-AEFC-40E9-BAB6-B624DDE0C870}.Release|x64.ActiveCfg = Release|Any CPU
		{B9A24974-AEFC-40E9-BAB6-B624DDE0C870}.Release|x64.Build.0 = Release|Any CPU
		{B9A24974-AEFC-40E9-BAB6-B624DDE0C870}.Release|x86.ActiveCfg = Release|Any CPU
		{B9A24974-AEFC-40E9-BAB6-B624DDE0C870}.Release|x86.Build.0 = Release|Any CPU
		{9F20768B-9B71-4ED5-A46C-764D11C3C34D}.Debug|Any CPU.ActiveCfg = Debug|Any CPU
		{9F20768B-9B71-4ED5-A46C-764D11C3C34D}.Debug|Any CPU.Build.0 = Debug|Any CPU
		{9F20768B-9B71-4ED5-A46C-764D11C3C34D}.Debug|x64.ActiveCfg = Debug|Any CPU
		{9F20768B-9B71-4ED5-A46C-764D11C3C34D}.Debug|x64.Build.0 = Debug|Any CPU
		{9F20768B-9B71-4ED5-A46C-764D11C3C34D}.Debug|x86.ActiveCfg = Debug|Any CPU
		{9F20768B-9B71-4ED5-A46C-764D11C3C34D}.Debug|x86.Build.0 = Debug|Any CPU
		{9F20768B-9B71-4ED5-A46C-764D11C3C34D}.Release|Any CPU.ActiveCfg = Release|Any CPU
		{9F20768B-9B71-4ED5-A46C-764D11C3C34D}.Release|Any CPU.Build.0 = Release|Any CPU
		{9F20768B-9B71-4ED5-A46C-764D11C3C34D}.Release|x64.ActiveCfg = Release|Any CPU
		{9F20768B-9B71-4ED5-A46C-764D11C3C34D}.Release|x64.Build.0 = Release|Any CPU
		{9F20768B-9B71-4ED5-A46C-764D11C3C34D}.Release|x86.ActiveCfg = Release|Any CPU
		{9F20768B-9B71-4ED5-A46C-764D11C3C34D}.Release|x86.Build.0 = Release|Any CPU
		{EC2C85C3-A54D-453B-9AE4-C9803C84AD0B}.Debug|Any CPU.ActiveCfg = Debug|Any CPU
		{EC2C85C3-A54D-453B-9AE4-C9803C84AD0B}.Debug|Any CPU.Build.0 = Debug|Any CPU
		{EC2C85C3-A54D-453B-9AE4-C9803C84AD0B}.Debug|x64.ActiveCfg = Debug|Any CPU
		{EC2C85C3-A54D-453B-9AE4-C9803C84AD0B}.Debug|x64.Build.0 = Debug|Any CPU
		{EC2C85C3-A54D-453B-9AE4-C9803C84AD0B}.Debug|x86.ActiveCfg = Debug|Any CPU
		{EC2C85C3-A54D-453B-9AE4-C9803C84AD0B}.Debug|x86.Build.0 = Debug|Any CPU
		{EC2C85C3-A54D-453B-9AE4-C9803C84AD0B}.Release|Any CPU.ActiveCfg = Release|Any CPU
		{EC2C85C3-A54D-453B-9AE4-C9803C84AD0B}.Release|Any CPU.Build.0 = Release|Any CPU
		{EC2C85C3-A54D-453B-9AE4-C9803C84AD0B}.Release|x64.ActiveCfg = Release|Any CPU
		{EC2C85C3-A54D-453B-9AE4-C9803C84AD0B}.Release|x64.Build.0 = Release|Any CPU
		{EC2C85C3-A54D-453B-9AE4-C9803C84AD0B}.Release|x86.ActiveCfg = Release|Any CPU
		{EC2C85C3-A54D-453B-9AE4-C9803C84AD0B}.Release|x86.Build.0 = Release|Any CPU
		{3ECCC708-0629-499B-9B64-2BFB0F2A101B}.Debug|Any CPU.ActiveCfg = Debug|Any CPU
		{3ECCC708-0629-499B-9B64-2BFB0F2A101B}.Debug|Any CPU.Build.0 = Debug|Any CPU
		{3ECCC708-0629-499B-9B64-2BFB0F2A101B}.Debug|x64.ActiveCfg = Debug|Any CPU
		{3ECCC708-0629-499B-9B64-2BFB0F2A101B}.Debug|x64.Build.0 = Debug|Any CPU
		{3ECCC708-0629-499B-9B64-2BFB0F2A101B}.Debug|x86.ActiveCfg = Debug|Any CPU
		{3ECCC708-0629-499B-9B64-2BFB0F2A101B}.Debug|x86.Build.0 = Debug|Any CPU
		{3ECCC708-0629-499B-9B64-2BFB0F2A101B}.Release|Any CPU.ActiveCfg = Release|Any CPU
		{3ECCC708-0629-499B-9B64-2BFB0F2A101B}.Release|Any CPU.Build.0 = Release|Any CPU
		{3ECCC708-0629-499B-9B64-2BFB0F2A101B}.Release|x64.ActiveCfg = Release|Any CPU
		{3ECCC708-0629-499B-9B64-2BFB0F2A101B}.Release|x64.Build.0 = Release|Any CPU
		{3ECCC708-0629-499B-9B64-2BFB0F2A101B}.Release|x86.ActiveCfg = Release|Any CPU
		{3ECCC708-0629-499B-9B64-2BFB0F2A101B}.Release|x86.Build.0 = Release|Any CPU
		{77B0BC60-2325-415A-B655-BA4BAA0E5BD8}.Debug|Any CPU.ActiveCfg = Debug|Any CPU
		{77B0BC60-2325-415A-B655-BA4BAA0E5BD8}.Debug|Any CPU.Build.0 = Debug|Any CPU
		{77B0BC60-2325-415A-B655-BA4BAA0E5BD8}.Debug|x64.ActiveCfg = Debug|Any CPU
		{77B0BC60-2325-415A-B655-BA4BAA0E5BD8}.Debug|x64.Build.0 = Debug|Any CPU
		{77B0BC60-2325-415A-B655-BA4BAA0E5BD8}.Debug|x86.ActiveCfg = Debug|Any CPU
		{77B0BC60-2325-415A-B655-BA4BAA0E5BD8}.Debug|x86.Build.0 = Debug|Any CPU
		{77B0BC60-2325-415A-B655-BA4BAA0E5BD8}.Release|Any CPU.ActiveCfg = Release|Any CPU
		{77B0BC60-2325-415A-B655-BA4BAA0E5BD8}.Release|Any CPU.Build.0 = Release|Any CPU
		{77B0BC60-2325-415A-B655-BA4BAA0E5BD8}.Release|x64.ActiveCfg = Release|Any CPU
		{77B0BC60-2325-415A-B655-BA4BAA0E5BD8}.Release|x64.Build.0 = Release|Any CPU
		{77B0BC60-2325-415A-B655-BA4BAA0E5BD8}.Release|x86.ActiveCfg = Release|Any CPU
		{77B0BC60-2325-415A-B655-BA4BAA0E5BD8}.Release|x86.Build.0 = Release|Any CPU
	EndGlobalSection
	GlobalSection(SolutionProperties) = preSolution
		HideSolutionNode = FALSE
	EndGlobalSection
	GlobalSection(ExtensibilityGlobals) = postSolution
		SolutionGuid = {9AF87890-9CDE-4403-8E03-BAA03228484A}
	EndGlobalSection
EndGlobal
